// !$*UTF8*$!
{
	archiveVersion = 1;
	classes = {
	};
	objectVersion = 56;
	objects = {

/* Begin PBXBuildFile section */
		1CDEE2842AD6621900F1A2D6 /* WeGymApp.swift in Sources */ = {isa = PBXBuildFile; fileRef = 1CDEE2832AD6621900F1A2D6 /* WeGymApp.swift */; };
		1CDEE2862AD6621900F1A2D6 /* ContentView.swift in Sources */ = {isa = PBXBuildFile; fileRef = 1CDEE2852AD6621900F1A2D6 /* ContentView.swift */; };
		1CDEE2882AD6621A00F1A2D6 /* Assets.xcassets in Resources */ = {isa = PBXBuildFile; fileRef = 1CDEE2872AD6621A00F1A2D6 /* Assets.xcassets */; };
		1CDEE28B2AD6621A00F1A2D6 /* Preview Assets.xcassets in Resources */ = {isa = PBXBuildFile; fileRef = 1CDEE28A2AD6621A00F1A2D6 /* Preview Assets.xcassets */; };
		1CDEE2A02AD8ADC400F1A2D6 /* MainTabView.swift in Sources */ = {isa = PBXBuildFile; fileRef = 1CDEE29F2AD8ADC400F1A2D6 /* MainTabView.swift */; };
		1CDEE2A22AD8B15300F1A2D6 /* ProfileView.swift in Sources */ = {isa = PBXBuildFile; fileRef = 1CDEE2A12AD8B15300F1A2D6 /* ProfileView.swift */; };
		1CDEE2A52AD8B99D00F1A2D6 /* UserStatView.swift in Sources */ = {isa = PBXBuildFile; fileRef = 1CDEE2A42AD8B99D00F1A2D6 /* UserStatView.swift */; };
		1CDEE2A72AD8C37100F1A2D6 /* SearchView.swift in Sources */ = {isa = PBXBuildFile; fileRef = 1CDEE2A62AD8C37100F1A2D6 /* SearchView.swift */; };
		1CDEE2A92AD8CF0F00F1A2D6 /* LoginView.swift in Sources */ = {isa = PBXBuildFile; fileRef = 1CDEE2A82AD8CF0F00F1A2D6 /* LoginView.swift */; };
/* End PBXBuildFile section */

/* Begin PBXFileReference section */
		1CDEE2802AD6621900F1A2D6 /* WeGym.app */ = {isa = PBXFileReference; explicitFileType = wrapper.application; includeInIndex = 0; path = WeGym.app; sourceTree = BUILT_PRODUCTS_DIR; };
		1CDEE2832AD6621900F1A2D6 /* WeGymApp.swift */ = {isa = PBXFileReference; lastKnownFileType = sourcecode.swift; path = WeGymApp.swift; sourceTree = "<group>"; };
		1CDEE2852AD6621900F1A2D6 /* ContentView.swift */ = {isa = PBXFileReference; lastKnownFileType = sourcecode.swift; path = ContentView.swift; sourceTree = "<group>"; };
		1CDEE2872AD6621A00F1A2D6 /* Assets.xcassets */ = {isa = PBXFileReference; lastKnownFileType = folder.assetcatalog; path = Assets.xcassets; sourceTree = "<group>"; };
		1CDEE28A2AD6621A00F1A2D6 /* Preview Assets.xcassets */ = {isa = PBXFileReference; lastKnownFileType = folder.assetcatalog; path = "Preview Assets.xcassets"; sourceTree = "<group>"; };
		1CDEE29F2AD8ADC400F1A2D6 /* MainTabView.swift */ = {isa = PBXFileReference; lastKnownFileType = sourcecode.swift; path = MainTabView.swift; sourceTree = "<group>"; };
		1CDEE2A12AD8B15300F1A2D6 /* ProfileView.swift */ = {isa = PBXFileReference; lastKnownFileType = sourcecode.swift; path = ProfileView.swift; sourceTree = "<group>"; };
		1CDEE2A42AD8B99D00F1A2D6 /* UserStatView.swift */ = {isa = PBXFileReference; lastKnownFileType = sourcecode.swift; path = UserStatView.swift; sourceTree = "<group>"; };
		1CDEE2A62AD8C37100F1A2D6 /* SearchView.swift */ = {isa = PBXFileReference; lastKnownFileType = sourcecode.swift; path = SearchView.swift; sourceTree = "<group>"; };
		1CDEE2A82AD8CF0F00F1A2D6 /* LoginView.swift */ = {isa = PBXFileReference; lastKnownFileType = sourcecode.swift; path = LoginView.swift; sourceTree = "<group>"; };
/* End PBXFileReference section */

/* Begin PBXFrameworksBuildPhase section */
		1CDEE27D2AD6621900F1A2D6 /* Frameworks */ = {
			isa = PBXFrameworksBuildPhase;
			buildActionMask = 2147483647;
			files = (
			);
			runOnlyForDeploymentPostprocessing = 0;
		};
/* End PBXFrameworksBuildPhase section */

/* Begin PBXGroup section */
		1CDEE2772AD6621900F1A2D6 = {
			isa = PBXGroup;
			children = (
				1CDEE2822AD6621900F1A2D6 /* WeGym */,
				1CDEE2812AD6621900F1A2D6 /* Products */,
			);
			sourceTree = "<group>";
		};
		1CDEE2812AD6621900F1A2D6 /* Products */ = {
			isa = PBXGroup;
			children = (
				1CDEE2802AD6621900F1A2D6 /* WeGym.app */,
			);
			name = Products;
			sourceTree = "<group>";
		};
		1CDEE2822AD6621900F1A2D6 /* WeGym */ = {
			isa = PBXGroup;
			children = (
				1CDEE2912AD8ABF100F1A2D6 /* App */,
				1CDEE2922AD8ABF200F1A2D6 /* Core */,
				1CDEE2932AD8ABF300F1A2D6 /* Extensions */,
				1CDEE2942AD8ABF600F1A2D6 /* Models */,
				1CDEE2952AD8ABF800F1A2D6 /* Services */,
				1CDEE2832AD6621900F1A2D6 /* WeGymApp.swift */,
				1CDEE2852AD6621900F1A2D6 /* ContentView.swift */,
				1CDEE2872AD6621A00F1A2D6 /* Assets.xcassets */,
				1CDEE2892AD6621A00F1A2D6 /* Preview Content */,
			);
			path = WeGym;
			sourceTree = "<group>";
		};
		1CDEE2892AD6621A00F1A2D6 /* Preview Content */ = {
			isa = PBXGroup;
			children = (
				1CDEE28A2AD6621A00F1A2D6 /* Preview Assets.xcassets */,
			);
			path = "Preview Content";
			sourceTree = "<group>";
		};
		1CDEE2912AD8ABF100F1A2D6 /* App */ = {
			isa = PBXGroup;
			children = (
			);
			path = App;
			sourceTree = "<group>";
		};
		1CDEE2922AD8ABF200F1A2D6 /* Core */ = {
			isa = PBXGroup;
			children = (
				1CDEE2962AD8AC7F00F1A2D6 /* Authentication */,
				1CDEE2A32AD8B96700F1A2D6 /* Components */,
				1CDEE2972AD8ACA300F1A2D6 /* Feed */,
				1CDEE2982AD8ACB500F1A2D6 /* Profile */,
				1CDEE2992AD8ACC000F1A2D6 /* Root */,
				1CDEE29A2AD8ACCA00F1A2D6 /* Search */,
				1CDEE29B2AD8ACD900F1A2D6 /* TabBar */,
				1CDEE29C2AD8ACE200F1A2D6 /* Upload Posts */,
			);
			path = Core;
			sourceTree = "<group>";
		};
		1CDEE2932AD8ABF300F1A2D6 /* Extensions */ = {
			isa = PBXGroup;
			children = (
			);
			path = Extensions;
			sourceTree = "<group>";
		};
		1CDEE2942AD8ABF600F1A2D6 /* Models */ = {
			isa = PBXGroup;
			children = (
			);
			path = Models;
			sourceTree = "<group>";
		};
		1CDEE2952AD8ABF800F1A2D6 /* Services */ = {
			isa = PBXGroup;
			children = (
			);
			path = Services;
			sourceTree = "<group>";
		};
		1CDEE2962AD8AC7F00F1A2D6 /* Authentication */ = {
			isa = PBXGroup;
			children = (
				1CDEE2A82AD8CF0F00F1A2D6 /* LoginView.swift */,
			);
			path = Authentication;
			sourceTree = "<group>";
		};
		1CDEE2972AD8ACA300F1A2D6 /* Feed */ = {
			isa = PBXGroup;
			children = (
			);
			path = Feed;
			sourceTree = "<group>";
		};
		1CDEE2982AD8ACB500F1A2D6 /* Profile */ = {
			isa = PBXGroup;
			children = (
				1CDEE2A12AD8B15300F1A2D6 /* ProfileView.swift */,
			);
			path = Profile;
			sourceTree = "<group>";
		};
		1CDEE2992AD8ACC000F1A2D6 /* Root */ = {
			isa = PBXGroup;
			children = (
			);
			path = Root;
			sourceTree = "<group>";
		};
		1CDEE29A2AD8ACCA00F1A2D6 /* Search */ = {
			isa = PBXGroup;
			children = (
				1CDEE2A62AD8C37100F1A2D6 /* SearchView.swift */,
			);
			path = Search;
			sourceTree = "<group>";
		};
		1CDEE29B2AD8ACD900F1A2D6 /* TabBar */ = {
			isa = PBXGroup;
			children = (
				1CDEE29F2AD8ADC400F1A2D6 /* MainTabView.swift */,
			);
			path = TabBar;
			sourceTree = "<group>";
		};
		1CDEE29C2AD8ACE200F1A2D6 /* Upload Posts */ = {
			isa = PBXGroup;
			children = (
			);
			path = "Upload Posts";
			sourceTree = "<group>";
		};
		1CDEE2A32AD8B96700F1A2D6 /* Components */ = {
			isa = PBXGroup;
			children = (
				1CDEE2A42AD8B99D00F1A2D6 /* UserStatView.swift */,
			);
			path = Components;
			sourceTree = "<group>";
		};
/* End PBXGroup section */

/* Begin PBXNativeTarget section */
		1CDEE27F2AD6621900F1A2D6 /* WeGym */ = {
			isa = PBXNativeTarget;
			buildConfigurationList = 1CDEE28E2AD6621A00F1A2D6 /* Build configuration list for PBXNativeTarget "WeGym" */;
			buildPhases = (
				1CDEE27C2AD6621900F1A2D6 /* Sources */,
				1CDEE27D2AD6621900F1A2D6 /* Frameworks */,
				1CDEE27E2AD6621900F1A2D6 /* Resources */,
			);
			buildRules = (
			);
			dependencies = (
			);
			name = WeGym;
			productName = WeGym;
			productReference = 1CDEE2802AD6621900F1A2D6 /* WeGym.app */;
			productType = "com.apple.product-type.application";
		};
/* End PBXNativeTarget section */

/* Begin PBXProject section */
		1CDEE2782AD6621900F1A2D6 /* Project object */ = {
			isa = PBXProject;
			attributes = {
				BuildIndependentTargetsInParallel = 1;
				LastSwiftUpdateCheck = 1500;
				LastUpgradeCheck = 1500;
				TargetAttributes = {
					1CDEE27F2AD6621900F1A2D6 = {
						CreatedOnToolsVersion = 15.0;
					};
				};
			};
			buildConfigurationList = 1CDEE27B2AD6621900F1A2D6 /* Build configuration list for PBXProject "WeGym" */;
			compatibilityVersion = "Xcode 14.0";
			developmentRegion = en;
			hasScannedForEncodings = 0;
			knownRegions = (
				en,
				Base,
			);
			mainGroup = 1CDEE2772AD6621900F1A2D6;
			productRefGroup = 1CDEE2812AD6621900F1A2D6 /* Products */;
			projectDirPath = "";
			projectRoot = "";
			targets = (
				1CDEE27F2AD6621900F1A2D6 /* WeGym */,
			);
		};
/* End PBXProject section */

/* Begin PBXResourcesBuildPhase section */
		1CDEE27E2AD6621900F1A2D6 /* Resources */ = {
			isa = PBXResourcesBuildPhase;
			buildActionMask = 2147483647;
			files = (
				1CDEE28B2AD6621A00F1A2D6 /* Preview Assets.xcassets in Resources */,
				1CDEE2882AD6621A00F1A2D6 /* Assets.xcassets in Resources */,
			);
			runOnlyForDeploymentPostprocessing = 0;
		};
/* End PBXResourcesBuildPhase section */

/* Begin PBXSourcesBuildPhase section */
		1CDEE27C2AD6621900F1A2D6 /* Sources */ = {
			isa = PBXSourcesBuildPhase;
			buildActionMask = 2147483647;
			files = (
				1CDEE2A22AD8B15300F1A2D6 /* ProfileView.swift in Sources */,
				1CDEE2A92AD8CF0F00F1A2D6 /* LoginView.swift in Sources */,
				1CDEE2862AD6621900F1A2D6 /* ContentView.swift in Sources */,
				1CDEE2842AD6621900F1A2D6 /* WeGymApp.swift in Sources */,
				1CDEE2A52AD8B99D00F1A2D6 /* UserStatView.swift in Sources */,
				1CDEE2A72AD8C37100F1A2D6 /* SearchView.swift in Sources */,
				1CDEE2A02AD8ADC400F1A2D6 /* MainTabView.swift in Sources */,
			);
			runOnlyForDeploymentPostprocessing = 0;
		};
/* End PBXSourcesBuildPhase section */

/* Begin XCBuildConfiguration section */
		1CDEE28C2AD6621A00F1A2D6 /* Debug */ = {
			isa = XCBuildConfiguration;
			buildSettings = {
				ALWAYS_SEARCH_USER_PATHS = NO;
				ASSETCATALOG_COMPILER_GENERATE_SWIFT_ASSET_SYMBOL_EXTENSIONS = YES;
				CLANG_ANALYZER_NONNULL = YES;
				CLANG_ANALYZER_NUMBER_OBJECT_CONVERSION = YES_AGGRESSIVE;
				CLANG_CXX_LANGUAGE_STANDARD = "gnu++20";
				CLANG_ENABLE_MODULES = YES;
				CLANG_ENABLE_OBJC_ARC = YES;
				CLANG_ENABLE_OBJC_WEAK = YES;
				CLANG_WARN_BLOCK_CAPTURE_AUTORELEASING = YES;
				CLANG_WARN_BOOL_CONVERSION = YES;
				CLANG_WARN_COMMA = YES;
				CLANG_WARN_CONSTANT_CONVERSION = YES;
				CLANG_WARN_DEPRECATED_OBJC_IMPLEMENTATIONS = YES;
				CLANG_WARN_DIRECT_OBJC_ISA_USAGE = YES_ERROR;
				CLANG_WARN_DOCUMENTATION_COMMENTS = YES;
				CLANG_WARN_EMPTY_BODY = YES;
				CLANG_WARN_ENUM_CONVERSION = YES;
				CLANG_WARN_INFINITE_RECURSION = YES;
				CLANG_WARN_INT_CONVERSION = YES;
				CLANG_WARN_NON_LITERAL_NULL_CONVERSION = YES;
				CLANG_WARN_OBJC_IMPLICIT_RETAIN_SELF = YES;
				CLANG_WARN_OBJC_LITERAL_CONVERSION = YES;
				CLANG_WARN_OBJC_ROOT_CLASS = YES_ERROR;
				CLANG_WARN_QUOTED_INCLUDE_IN_FRAMEWORK_HEADER = YES;
				CLANG_WARN_RANGE_LOOP_ANALYSIS = YES;
				CLANG_WARN_STRICT_PROTOTYPES = YES;
				CLANG_WARN_SUSPICIOUS_MOVE = YES;
				CLANG_WARN_UNGUARDED_AVAILABILITY = YES_AGGRESSIVE;
				CLANG_WARN_UNREACHABLE_CODE = YES;
				CLANG_WARN__DUPLICATE_METHOD_MATCH = YES;
				COPY_PHASE_STRIP = NO;
				DEBUG_INFORMATION_FORMAT = dwarf;
				ENABLE_STRICT_OBJC_MSGSEND = YES;
				ENABLE_TESTABILITY = YES;
				ENABLE_USER_SCRIPT_SANDBOXING = YES;
				GCC_C_LANGUAGE_STANDARD = gnu17;
				GCC_DYNAMIC_NO_PIC = NO;
				GCC_NO_COMMON_BLOCKS = YES;
				GCC_OPTIMIZATION_LEVEL = 0;
				GCC_PREPROCESSOR_DEFINITIONS = (
					"DEBUG=1",
					"$(inherited)",
				);
				GCC_WARN_64_TO_32_BIT_CONVERSION = YES;
				GCC_WARN_ABOUT_RETURN_TYPE = YES_ERROR;
				GCC_WARN_UNDECLARED_SELECTOR = YES;
				GCC_WARN_UNINITIALIZED_AUTOS = YES_AGGRESSIVE;
				GCC_WARN_UNUSED_FUNCTION = YES;
				GCC_WARN_UNUSED_VARIABLE = YES;
				IPHONEOS_DEPLOYMENT_TARGET = 17.0;
				LOCALIZATION_PREFERS_STRING_CATALOGS = YES;
				MTL_ENABLE_DEBUG_INFO = INCLUDE_SOURCE;
				MTL_FAST_MATH = YES;
				ONLY_ACTIVE_ARCH = YES;
				SDKROOT = iphoneos;
				SWIFT_ACTIVE_COMPILATION_CONDITIONS = "DEBUG $(inherited)";
				SWIFT_OPTIMIZATION_LEVEL = "-Onone";
			};
			name = Debug;
		};
		1CDEE28D2AD6621A00F1A2D6 /* Release */ = {
			isa = XCBuildConfiguration;
			buildSettings = {
				ALWAYS_SEARCH_USER_PATHS = NO;
				ASSETCATALOG_COMPILER_GENERATE_SWIFT_ASSET_SYMBOL_EXTENSIONS = YES;
				CLANG_ANALYZER_NONNULL = YES;
				CLANG_ANALYZER_NUMBER_OBJECT_CONVERSION = YES_AGGRESSIVE;
				CLANG_CXX_LANGUAGE_STANDARD = "gnu++20";
				CLANG_ENABLE_MODULES = YES;
				CLANG_ENABLE_OBJC_ARC = YES;
				CLANG_ENABLE_OBJC_WEAK = YES;
				CLANG_WARN_BLOCK_CAPTURE_AUTORELEASING = YES;
				CLANG_WARN_BOOL_CONVERSION = YES;
				CLANG_WARN_COMMA = YES;
				CLANG_WARN_CONSTANT_CONVERSION = YES;
				CLANG_WARN_DEPRECATED_OBJC_IMPLEMENTATIONS = YES;
				CLANG_WARN_DIRECT_OBJC_ISA_USAGE = YES_ERROR;
				CLANG_WARN_DOCUMENTATION_COMMENTS = YES;
				CLANG_WARN_EMPTY_BODY = YES;
				CLANG_WARN_ENUM_CONVERSION = YES;
				CLANG_WARN_INFINITE_RECURSION = YES;
				CLANG_WARN_INT_CONVERSION = YES;
				CLANG_WARN_NON_LITERAL_NULL_CONVERSION = YES;
				CLANG_WARN_OBJC_IMPLICIT_RETAIN_SELF = YES;
				CLANG_WARN_OBJC_LITERAL_CONVERSION = YES;
				CLANG_WARN_OBJC_ROOT_CLASS = YES_ERROR;
				CLANG_WARN_QUOTED_INCLUDE_IN_FRAMEWORK_HEADER = YES;
				CLANG_WARN_RANGE_LOOP_ANALYSIS = YES;
				CLANG_WARN_STRICT_PROTOTYPES = YES;
				CLANG_WARN_SUSPICIOUS_MOVE = YES;
				CLANG_WARN_UNGUARDED_AVAILABILITY = YES_AGGRESSIVE;
				CLANG_WARN_UNREACHABLE_CODE = YES;
				CLANG_WARN__DUPLICATE_METHOD_MATCH = YES;
				COPY_PHASE_STRIP = NO;
				DEBUG_INFORMATION_FORMAT = "dwarf-with-dsym";
				ENABLE_NS_ASSERTIONS = NO;
				ENABLE_STRICT_OBJC_MSGSEND = YES;
				ENABLE_USER_SCRIPT_SANDBOXING = YES;
				GCC_C_LANGUAGE_STANDARD = gnu17;
				GCC_NO_COMMON_BLOCKS = YES;
				GCC_WARN_64_TO_32_BIT_CONVERSION = YES;
				GCC_WARN_ABOUT_RETURN_TYPE = YES_ERROR;
				GCC_WARN_UNDECLARED_SELECTOR = YES;
				GCC_WARN_UNINITIALIZED_AUTOS = YES_AGGRESSIVE;
				GCC_WARN_UNUSED_FUNCTION = YES;
				GCC_WARN_UNUSED_VARIABLE = YES;
				IPHONEOS_DEPLOYMENT_TARGET = 17.0;
				LOCALIZATION_PREFERS_STRING_CATALOGS = YES;
				MTL_ENABLE_DEBUG_INFO = NO;
				MTL_FAST_MATH = YES;
				SDKROOT = iphoneos;
				SWIFT_COMPILATION_MODE = wholemodule;
				VALIDATE_PRODUCT = YES;
			};
			name = Release;
		};
		1CDEE28F2AD6621A00F1A2D6 /* Debug */ = {
			isa = XCBuildConfiguration;
			buildSettings = {
				ASSETCATALOG_COMPILER_APPICON_NAME = AppIcon;
				ASSETCATALOG_COMPILER_GLOBAL_ACCENT_COLOR_NAME = AccentColor;
				CODE_SIGN_STYLE = Automatic;
				CURRENT_PROJECT_VERSION = 1;
				DEVELOPMENT_ASSET_PATHS = "\"WeGym/Preview Content\"";
				DEVELOPMENT_TEAM = 65NB8C7JBQ;
				ENABLE_PREVIEWS = YES;
				GENERATE_INFOPLIST_FILE = YES;
				INFOPLIST_KEY_UIApplicationSceneManifest_Generation = YES;
				INFOPLIST_KEY_UIApplicationSupportsIndirectInputEvents = YES;
				INFOPLIST_KEY_UILaunchScreen_Generation = YES;
				INFOPLIST_KEY_UISupportedInterfaceOrientations_iPad = "UIInterfaceOrientationPortrait UIInterfaceOrientationPortraitUpsideDown UIInterfaceOrientationLandscapeLeft UIInterfaceOrientationLandscapeRight";
				INFOPLIST_KEY_UISupportedInterfaceOrientations_iPhone = "UIInterfaceOrientationPortrait UIInterfaceOrientationLandscapeLeft UIInterfaceOrientationLandscapeRight";
				IPHONEOS_DEPLOYMENT_TARGET = 16.0;
				LD_RUNPATH_SEARCH_PATHS = (
					"$(inherited)",
					"@executable_path/Frameworks",
				);
				MARKETING_VERSION = 1.0;
				PRODUCT_BUNDLE_IDENTIFIER = com.uac.WeGym;
				PRODUCT_NAME = "$(TARGET_NAME)";
				SWIFT_EMIT_LOC_STRINGS = YES;
				SWIFT_VERSION = 5.0;
				TARGETED_DEVICE_FAMILY = "1,2";
			};
			name = Debug;
		};
		1CDEE2902AD6621A00F1A2D6 /* Release */ = {
			isa = XCBuildConfiguration;
			buildSettings = {
				ASSETCATALOG_COMPILER_APPICON_NAME = AppIcon;
				ASSETCATALOG_COMPILER_GLOBAL_ACCENT_COLOR_NAME = AccentColor;
				CODE_SIGN_STYLE = Automatic;
				CURRENT_PROJECT_VERSION = 1;
				DEVELOPMENT_ASSET_PATHS = "\"WeGym/Preview Content\"";
				DEVELOPMENT_TEAM = 65NB8C7JBQ;
				ENABLE_PREVIEWS = YES;
				GENERATE_INFOPLIST_FILE = YES;
				INFOPLIST_KEY_UIApplicationSceneManifest_Generation = YES;
				INFOPLIST_KEY_UIApplicationSupportsIndirectInputEvents = YES;
				INFOPLIST_KEY_UILaunchScreen_Generation = YES;
				INFOPLIST_KEY_UISupportedInterfaceOrientations_iPad = "UIInterfaceOrientationPortrait UIInterfaceOrientationPortraitUpsideDown UIInterfaceOrientationLandscapeLeft UIInterfaceOrientationLandscapeRight";
				INFOPLIST_KEY_UISupportedInterfaceOrientations_iPhone = "UIInterfaceOrientationPortrait UIInterfaceOrientationLandscapeLeft UIInterfaceOrientationLandscapeRight";
				IPHONEOS_DEPLOYMENT_TARGET = 16.0;
				LD_RUNPATH_SEARCH_PATHS = (
					"$(inherited)",
					"@executable_path/Frameworks",
				);
				MARKETING_VERSION = 1.0;
				PRODUCT_BUNDLE_IDENTIFIER = com.uac.WeGym;
				PRODUCT_NAME = "$(TARGET_NAME)";
				SWIFT_EMIT_LOC_STRINGS = YES;
				SWIFT_VERSION = 5.0;
				TARGETED_DEVICE_FAMILY = "1,2";
			};
			name = Release;
		};
/* End XCBuildConfiguration section */

/* Begin XCConfigurationList section */
		1CDEE27B2AD6621900F1A2D6 /* Build configuration list for PBXProject "WeGym" */ = {
			isa = XCConfigurationList;
			buildConfigurations = (
				1CDEE28C2AD6621A00F1A2D6 /* Debug */,
				1CDEE28D2AD6621A00F1A2D6 /* Release */,
			);
			defaultConfigurationIsVisible = 0;
			defaultConfigurationName = Release;
		};
		1CDEE28E2AD6621A00F1A2D6 /* Build configuration list for PBXNativeTarget "WeGym" */ = {
			isa = XCConfigurationList;
			buildConfigurations = (
				1CDEE28F2AD6621A00F1A2D6 /* Debug */,
				1CDEE2902AD6621A00F1A2D6 /* Release */,
			);
			defaultConfigurationIsVisible = 0;
			defaultConfigurationName = Release;
		};
/* End XCConfigurationList section */
	};
	rootObject = 1CDEE2782AD6621900F1A2D6 /* Project object */;
}
